
Microsoft Visual Studio Solution File, Format Version 12.00
# Visual Studio Version 17
VisualStudioVersion = 17.14.36518.9 d17.14
MinimumVisualStudioVersion = 10.0.40219.1
Project("{FAE04EC0-301F-11D3-BF4B-00C04F79EFBC}") = "ElectionAPI", "ElectionAPI\ElectionAPI.csproj", "{EB8BB8D5-E80D-4805-9F3E-20D9C7CB1ADE}"
EndProject
Global
	GlobalSection(SolutionConfigurationPlatforms) = preSolution
		Debug|Any CPU = Debug|Any CPU
		Release|Any CPU = Release|Any CPU
	EndGlobalSection
	GlobalSection(ProjectConfigurationPlatforms) = postSolution
		{EB8BB8D5-E80D-4805-9F3E-20D9C7CB1ADE}.Debug|Any CPU.ActiveCfg = Debug|Any CPU
		{EB8BB8D5-E80D-4805-9F3E-20D9C7CB1ADE}.Debug|Any CPU.Build.0 = Debug|Any CPU
		{EB8BB8D5-E80D-4805-9F3E-20D9C7CB1ADE}.Release|Any CPU.ActiveCfg = Release|Any CPU
		{EB8BB8D5-E80D-4805-9F3E-20D9C7CB1ADE}.Release|Any CPU.Build.0 = Release|Any CPU
	EndGlobalSection
	GlobalSection(SolutionProperties) = preSolution
		HideSolutionNode = FALSE
	EndGlobalSection
	GlobalSection(ExtensibilityGlobals) = postSolution
		SolutionGuid = {B7751940-55FC-45E0-A58E-756CDEFA07AC}
	EndGlobalSection
EndGlobal
